{
  "name": "sass-helper",
  "version": "1.1.1",
  "lockfileVersion": 1,
  "requires": true,
  "dependencies": {
    "bourbon": {
      "version": "4.3.4",
      "resolved": "http://registry.npm.taobao.org/bourbon/download/bourbon-4.3.4.tgz",
      "integrity": "sha1-TaOAAp6SwMj5dkx3lFGhNLEefMM="
    },
    "normalize.css": {
      "version": "7.0.0",
      "resolved": "http://registry.npm.taobao.org/normalize.css/download/normalize.css-7.0.0.tgz",
      "integrity": "sha1-q/sd2CRwZ04DIrU86xqvQSk45L8="
    }
  }
}
